// !$*UTF8*$!
{
	archiveVersion = 1;
	classes = {
	};
	objectVersion = 77;
	objects = {

/* Begin PBXBuildFile section */
		097F70157FB7D3C3AAB38BE9 /* HealthMetrics.swift in Sources */ = {isa = PBXBuildFile; fileRef = F774F2E9162064DC616C7B5A /* HealthMetrics.swift */; };
		0FAC56B11F20E57CC0896938 /* VigorCalculator.swift in Sources */ = {isa = PBXBuildFile; fileRef = AEC13F07B557563C2847627A /* VigorCalculator.swift */; };
		13265F3518BE255F06DB9CA8 /* SharedDataManager.swift in Sources */ = {isa = PBXBuildFile; fileRef = 7004A58D6CFA45D20048FBD9 /* SharedDataManager.swift */; };
		3D7220F45711CB6EFEC3141D /* ContentView.swift in Sources */ = {isa = PBXBuildFile; fileRef = D9A7817A386857F6DC787C57 /* ContentView.swift */; };
		4AD69A93EC048C35E0D59640 /* DashboardView.swift in Sources */ = {isa = PBXBuildFile; fileRef = AA3AF43910784667516D43C6 /* DashboardView.swift */; };
		53B1ABAA54F43A4F8B54609A /* VigorApp.swift in Sources */ = {isa = PBXBuildFile; fileRef = 21A791C6EFD70BE5264E8464 /* VigorApp.swift */; };
		6C4F0811FFF9527E72919612 /* VigorWidget.swift in Sources */ = {isa = PBXBuildFile; fileRef = 47D2B36DD0E81A227CE50331 /* VigorWidget.swift */; };
		7A69ABC98A434357A41737F7 /* HistoryView.swift in Sources */ = {isa = PBXBuildFile; fileRef = 665E1DAF850D2BF03CDFE240 /* HistoryView.swift */; };
		8A30121BBFFE1C89AE4F44DE /* LaunchScreen.storyboard in Resources */ = {isa = PBXBuildFile; fileRef = CA68AC7F0E89C47B2DE3DEC1 /* LaunchScreen.storyboard */; };
		9B91873BA892BA4A82CF4D04 /* SharedDataManager.swift in Sources */ = {isa = PBXBuildFile; fileRef = 7004A58D6CFA45D20048FBD9 /* SharedDataManager.swift */; };
		BDF3A55484A9BD0292AE7FC1 /* HealthKitManager.swift in Sources */ = {isa = PBXBuildFile; fileRef = 9B0EF30FCA15C4C65DFABE27 /* HealthKitManager.swift */; };
		DC25980EDB175141DD37DACD /* VigorWidget.appex in Embed Foundation Extensions */ = {isa = PBXBuildFile; fileRef = 5189CBC2366D89421DD94045 /* VigorWidget.appex */; settings = {ATTRIBUTES = (RemoveHeadersOnCopy, ); }; };
		DDF11242046669334C6F1975 /* Assets.xcassets in Resources */ = {isa = PBXBuildFile; fileRef = 451BF40FEF365DE6797E8934 /* Assets.xcassets */; };
		FC6CA84D35AE8E4C0429D048 /* VigorScore.swift in Sources */ = {isa = PBXBuildFile; fileRef = 18C61C4B226FE1E6E684ED3D /* VigorScore.swift */; };
/* End PBXBuildFile section */

/* Begin PBXContainerItemProxy section */
		565314D92769CBCC5BFD5244 /* PBXContainerItemProxy */ = {
			isa = PBXContainerItemProxy;
			containerPortal = EB48D65BC1BEFC922314E34B /* Project object */;
			proxyType = 1;
			remoteGlobalIDString = D65C1F236BF69C969E92F155;
			remoteInfo = VigorWidget;
		};
/* End PBXContainerItemProxy section */

/* Begin PBXCopyFilesBuildPhase section */
		C0C3AC70CEA20774A8D46764 /* Embed Foundation Extensions */ = {
			isa = PBXCopyFilesBuildPhase;
			buildActionMask = 2147483647;
			dstPath = "";
			dstSubfolderSpec = 13;
			files = (
				DC25980EDB175141DD37DACD /* VigorWidget.appex in Embed Foundation Extensions */,
			);
			name = "Embed Foundation Extensions";
			runOnlyForDeploymentPostprocessing = 0;
		};
/* End PBXCopyFilesBuildPhase section */

/* Begin PBXFileReference section */
		18C61C4B226FE1E6E684ED3D /* VigorScore.swift */ = {isa = PBXFileReference; lastKnownFileType = sourcecode.swift; path = VigorScore.swift; sourceTree = "<group>"; };
		1C8774F4D37AC3BF612D6588 /* Vigor.app */ = {isa = PBXFileReference; includeInIndex = 0; lastKnownFileType = wrapper.application; path = Vigor.app; sourceTree = BUILT_PRODUCTS_DIR; };
		21A791C6EFD70BE5264E8464 /* VigorApp.swift */ = {isa = PBXFileReference; lastKnownFileType = sourcecode.swift; path = VigorApp.swift; sourceTree = "<group>"; };
		26D7D3DB495214E1A6E83189 /* Info.plist */ = {isa = PBXFileReference; lastKnownFileType = text.plist; path = Info.plist; sourceTree = "<group>"; };
		451BF40FEF365DE6797E8934 /* Assets.xcassets */ = {isa = PBXFileReference; lastKnownFileType = folder.assetcatalog; path = Assets.xcassets; sourceTree = "<group>"; };
		47D2B36DD0E81A227CE50331 /* VigorWidget.swift */ = {isa = PBXFileReference; lastKnownFileType = sourcecode.swift; path = VigorWidget.swift; sourceTree = "<group>"; };
		516DC190ADEA2BA3A8661DC3 /* Info.plist */ = {isa = PBXFileReference; lastKnownFileType = text.plist; path = Info.plist; sourceTree = "<group>"; };
		5189CBC2366D89421DD94045 /* VigorWidget.appex */ = {isa = PBXFileReference; includeInIndex = 0; lastKnownFileType = "wrapper.app-extension"; path = VigorWidget.appex; sourceTree = BUILT_PRODUCTS_DIR; };
		665E1DAF850D2BF03CDFE240 /* HistoryView.swift */ = {isa = PBXFileReference; lastKnownFileType = sourcecode.swift; path = HistoryView.swift; sourceTree = "<group>"; };
		7004A58D6CFA45D20048FBD9 /* SharedDataManager.swift */ = {isa = PBXFileReference; lastKnownFileType = sourcecode.swift; path = SharedDataManager.swift; sourceTree = "<group>"; };
		7DFCDC8A44540A250CF82A4D /* Vigor.entitlements */ = {isa = PBXFileReference; lastKnownFileType = text.plist.entitlements; path = Vigor.entitlements; sourceTree = "<group>"; };
		9B0EF30FCA15C4C65DFABE27 /* HealthKitManager.swift */ = {isa = PBXFileReference; lastKnownFileType = sourcecode.swift; path = HealthKitManager.swift; sourceTree = "<group>"; };
		AA3AF43910784667516D43C6 /* DashboardView.swift */ = {isa = PBXFileReference; lastKnownFileType = sourcecode.swift; path = DashboardView.swift; sourceTree = "<group>"; };
		AEC13F07B557563C2847627A /* VigorCalculator.swift */ = {isa = PBXFileReference; lastKnownFileType = sourcecode.swift; path = VigorCalculator.swift; sourceTree = "<group>"; };
		C1EBF7C4C7543693138F0BD8 /* VigorWidget.entitlements */ = {isa = PBXFileReference; lastKnownFileType = text.plist.entitlements; path = VigorWidget.entitlements; sourceTree = "<group>"; };
		CA68AC7F0E89C47B2DE3DEC1 /* LaunchScreen.storyboard */ = {isa = PBXFileReference; lastKnownFileType = file.storyboard; path = LaunchScreen.storyboard; sourceTree = "<group>"; };
		D9A7817A386857F6DC787C57 /* ContentView.swift */ = {isa = PBXFileReference; lastKnownFileType = sourcecode.swift; path = ContentView.swift; sourceTree = "<group>"; };
		F774F2E9162064DC616C7B5A /* HealthMetrics.swift */ = {isa = PBXFileReference; lastKnownFileType = sourcecode.swift; path = HealthMetrics.swift; sourceTree = "<group>"; };
/* End PBXFileReference section */

/* Begin PBXGroup section */
		195768ED5EA6C9FA6A812BCE /* VigorWidget */ = {
			isa = PBXGroup;
			children = (
				26D7D3DB495214E1A6E83189 /* Info.plist */,
				C1EBF7C4C7543693138F0BD8 /* VigorWidget.entitlements */,
				47D2B36DD0E81A227CE50331 /* VigorWidget.swift */,
			);
			path = VigorWidget;
			sourceTree = "<group>";
		};
		23159F802163DD3CB64C3D8D /* Shared */ = {
			isa = PBXGroup;
			children = (
				7004A58D6CFA45D20048FBD9 /* SharedDataManager.swift */,
			);
			path = Shared;
			sourceTree = "<group>";
		};
		5D6B6BE598355B533380D829 /* Vigor */ = {
			isa = PBXGroup;
			children = (
				451BF40FEF365DE6797E8934 /* Assets.xcassets */,
				D9A7817A386857F6DC787C57 /* ContentView.swift */,
				516DC190ADEA2BA3A8661DC3 /* Info.plist */,
				CA68AC7F0E89C47B2DE3DEC1 /* LaunchScreen.storyboard */,
				7DFCDC8A44540A250CF82A4D /* Vigor.entitlements */,
				21A791C6EFD70BE5264E8464 /* VigorApp.swift */,
				9002EC9C46982E637575300F /* Models */,
				CC00B11C9A34337F9BCF8923 /* Services */,
				8800C4D9DBDE3CCCCBD13E17 /* Views */,
			);
			path = Vigor;
			sourceTree = "<group>";
		};
		8800C4D9DBDE3CCCCBD13E17 /* Views */ = {
			isa = PBXGroup;
			children = (
				AA3AF43910784667516D43C6 /* DashboardView.swift */,
				665E1DAF850D2BF03CDFE240 /* HistoryView.swift */,
			);
			path = Views;
			sourceTree = "<group>";
		};
		9002EC9C46982E637575300F /* Models */ = {
			isa = PBXGroup;
			children = (
				F774F2E9162064DC616C7B5A /* HealthMetrics.swift */,
				18C61C4B226FE1E6E684ED3D /* VigorScore.swift */,
			);
			path = Models;
			sourceTree = "<group>";
		};
		AF30861AF095341CACF07EAF /* Products */ = {
			isa = PBXGroup;
			children = (
				1C8774F4D37AC3BF612D6588 /* Vigor.app */,
				5189CBC2366D89421DD94045 /* VigorWidget.appex */,
			);
			name = Products;
			sourceTree = "<group>";
		};
		CB96556DA12716D1CFF7B955 = {
			isa = PBXGroup;
			children = (
				23159F802163DD3CB64C3D8D /* Shared */,
				5D6B6BE598355B533380D829 /* Vigor */,
				195768ED5EA6C9FA6A812BCE /* VigorWidget */,
				AF30861AF095341CACF07EAF /* Products */,
			);
			sourceTree = "<group>";
		};
		CC00B11C9A34337F9BCF8923 /* Services */ = {
			isa = PBXGroup;
			children = (
				9B0EF30FCA15C4C65DFABE27 /* HealthKitManager.swift */,
				AEC13F07B557563C2847627A /* VigorCalculator.swift */,
			);
			path = Services;
			sourceTree = "<group>";
		};
/* End PBXGroup section */

/* Begin PBXNativeTarget section */
		3C7F91254AE4ED46E7DE447D /* Vigor */ = {
			isa = PBXNativeTarget;
			buildConfigurationList = E596F522E19504FF2E6AD3C0 /* Build configuration list for PBXNativeTarget "Vigor" */;
			buildPhases = (
				5E8029636BEE77F681CD8A8E /* Sources */,
				79D20DD1A6AE62866E96171F /* Resources */,
				C0C3AC70CEA20774A8D46764 /* Embed Foundation Extensions */,
			);
			buildRules = (
			);
			dependencies = (
				23825290CD005748196F57D1 /* PBXTargetDependency */,
			);
			name = Vigor;
			packageProductDependencies = (
			);
			productName = Vigor;
			productReference = 1C8774F4D37AC3BF612D6588 /* Vigor.app */;
			productType = "com.apple.product-type.application";
		};
		D65C1F236BF69C969E92F155 /* VigorWidget */ = {
			isa = PBXNativeTarget;
			buildConfigurationList = DDEBE0E4BAF684A43DF81FF4 /* Build configuration list for PBXNativeTarget "VigorWidget" */;
			buildPhases = (
				D14936643BE6BB155F47E07D /* Sources */,
			);
			buildRules = (
			);
			dependencies = (
			);
			name = VigorWidget;
			packageProductDependencies = (
			);
			productName = VigorWidget;
			productReference = 5189CBC2366D89421DD94045 /* VigorWidget.appex */;
			productType = "com.apple.product-type.app-extension";
		};
/* End PBXNativeTarget section */

/* Begin PBXProject section */
		EB48D65BC1BEFC922314E34B /* Project object */ = {
			isa = PBXProject;
			attributes = {
				BuildIndependentTargetsInParallel = YES;
				LastUpgradeCheck = 1500;
				TargetAttributes = {
					3C7F91254AE4ED46E7DE447D = {
						DevelopmentTeam = 4YN4S8KBCP;
						ProvisioningStyle = Automatic;
					};
					D65C1F236BF69C969E92F155 = {
						DevelopmentTeam = 4YN4S8KBCP;
						ProvisioningStyle = Automatic;
					};
				};
			};
			buildConfigurationList = D88336BB21BB86F005465E6E /* Build configuration list for PBXProject "Vigor" */;
			compatibilityVersion = "Xcode 14.0";
			developmentRegion = en;
			hasScannedForEncodings = 0;
			knownRegions = (
				Base,
				en,
			);
			mainGroup = CB96556DA12716D1CFF7B955;
			minimizedProjectReferenceProxies = 1;
			preferredProjectObjectVersion = 77;
			projectDirPath = "";
			projectRoot = "";
			targets = (
				3C7F91254AE4ED46E7DE447D /* Vigor */,
				D65C1F236BF69C969E92F155 /* VigorWidget */,
			);
		};
/* End PBXProject section */

/* Begin PBXResourcesBuildPhase section */
		79D20DD1A6AE62866E96171F /* Resources */ = {
			isa = PBXResourcesBuildPhase;
			buildActionMask = 2147483647;
			files = (
				DDF11242046669334C6F1975 /* Assets.xcassets in Resources */,
				8A30121BBFFE1C89AE4F44DE /* LaunchScreen.storyboard in Resources */,
			);
			runOnlyForDeploymentPostprocessing = 0;
		};
/* End PBXResourcesBuildPhase section */

/* Begin PBXSourcesBuildPhase section */
		5E8029636BEE77F681CD8A8E /* Sources */ = {
			isa = PBXSourcesBuildPhase;
			buildActionMask = 2147483647;
			files = (
				3D7220F45711CB6EFEC3141D /* ContentView.swift in Sources */,
				4AD69A93EC048C35E0D59640 /* DashboardView.swift in Sources */,
				BDF3A55484A9BD0292AE7FC1 /* HealthKitManager.swift in Sources */,
				097F70157FB7D3C3AAB38BE9 /* HealthMetrics.swift in Sources */,
				7A69ABC98A434357A41737F7 /* HistoryView.swift in Sources */,
				9B91873BA892BA4A82CF4D04 /* SharedDataManager.swift in Sources */,
				53B1ABAA54F43A4F8B54609A /* VigorApp.swift in Sources */,
				0FAC56B11F20E57CC0896938 /* VigorCalculator.swift in Sources */,
				FC6CA84D35AE8E4C0429D048 /* VigorScore.swift in Sources */,
			);
			runOnlyForDeploymentPostprocessing = 0;
		};
		D14936643BE6BB155F47E07D /* Sources */ = {
			isa = PBXSourcesBuildPhase;
			buildActionMask = 2147483647;
			files = (
				13265F3518BE255F06DB9CA8 /* SharedDataManager.swift in Sources */,
				6C4F0811FFF9527E72919612 /* VigorWidget.swift in Sources */,
			);
			runOnlyForDeploymentPostprocessing = 0;
		};
/* End PBXSourcesBuildPhase section */

/* Begin PBXTargetDependency section */
		23825290CD005748196F57D1 /* PBXTargetDependency */ = {
			isa = PBXTargetDependency;
			target = D65C1F236BF69C969E92F155 /* VigorWidget */;
			targetProxy = 565314D92769CBCC5BFD5244 /* PBXContainerItemProxy */;
		};
/* End PBXTargetDependency section */

/* Begin XCBuildConfiguration section */
		04E3D7823921EFB389CCF399 /* Release */ = {
			isa = XCBuildConfiguration;
			buildSettings = {
				ASSETCATALOG_COMPILER_APPICON_NAME = AppIcon;
				CODE_SIGN_ENTITLEMENTS = Vigor/Vigor.entitlements;
				CODE_SIGN_IDENTITY = "iPhone Developer";
				INFOPLIST_FILE = Vigor/Info.plist;
				LD_RUNPATH_SEARCH_PATHS = (
					"$(inherited)",
					"@executable_path/Frameworks",
				);
				PRODUCT_BUNDLE_IDENTIFIER = com.vigor.app;
				SDKROOT = iphoneos;
				TARGETED_DEVICE_FAMILY = "1,2";
			};
			name = Release;
		};
		0751333A269DB81D683F8C43 /* Release */ = {
			isa = XCBuildConfiguration;
			buildSettings = {
				CODE_SIGN_ENTITLEMENTS = VigorWidget/VigorWidget.entitlements;
				INFOPLIST_FILE = VigorWidget/Info.plist;
				LD_RUNPATH_SEARCH_PATHS = (
					"$(inherited)",
					"@executable_path/Frameworks",
					"@executable_path/../../Frameworks",
				);
				PRODUCT_BUNDLE_IDENTIFIER = com.vigor.app.widget;
				SDKROOT = iphoneos;
				TARGETED_DEVICE_FAMILY = "1,2";
			};
			name = Release;
		};
		86880835260945DB9C18803C /* Debug */ = {
			isa = XCBuildConfiguration;
			buildSettings = {
				CODE_SIGN_ENTITLEMENTS = VigorWidget/VigorWidget.entitlements;
				INFOPLIST_FILE = VigorWidget/Info.plist;
				LD_RUNPATH_SEARCH_PATHS = (
					"$(inherited)",
					"@executable_path/Frameworks",
					"@executable_path/../../Frameworks",
				);
				PRODUCT_BUNDLE_IDENTIFIER = com.vigor.app.widget;
				SDKROOT = iphoneos;
				TARGETED_DEVICE_FAMILY = "1,2";
			};
			name = Debug;
		};
		88A41192A756824DA0AFCA6D /* Release */ = {
			isa = XCBuildConfiguration;
			buildSettings = {
				ALWAYS_SEARCH_USER_PATHS = NO;
				CLANG_ANALYZER_NONNULL = YES;
				CLANG_ANALYZER_NUMBER_OBJECT_CONVERSION = YES_AGGRESSIVE;
				CLANG_CXX_LANGUAGE_STANDARD = "gnu++14";
				CLANG_CXX_LIBRARY = "libc++";
				CLANG_ENABLE_MODULES = YES;
				CLANG_ENABLE_OBJC_ARC = YES;
				CLANG_ENABLE_OBJC_WEAK = YES;
				CLANG_WARN_BLOCK_CAPTURE_AUTORELEASING = YES;
				CLANG_WARN_BOOL_CONVERSION = YES;
				CLANG_WARN_COMMA = YES;
				CLANG_WARN_CONSTANT_CONVERSION = YES;
				CLANG_WARN_DEPRECATED_OBJC_IMPLEMENTATIONS = YES;
				CLANG_WARN_DIRECT_OBJC_ISA_USAGE = YES_ERROR;
				CLANG_WARN_DOCUMENTATION_COMMENTS = YES;
				CLANG_WARN_EMPTY_BODY = YES;
				CLANG_WARN_ENUM_CONVERSION = YES;
				CLANG_WARN_INFINITE_RECURSION = YES;
				CLANG_WARN_INT_CONVERSION = YES;
				CLANG_WARN_NON_LITERAL_NULL_CONVERSION = YES;
				CLANG_WARN_OBJC_IMPLICIT_RETAIN_SELF = YES;
				CLANG_WARN_OBJC_LITERAL_CONVERSION = YES;
				CLANG_WARN_OBJC_ROOT_CLASS = YES_ERROR;
				CLANG_WARN_QUOTED_INCLUDE_IN_FRAMEWORK_HEADER = YES;
				CLANG_WARN_RANGE_LOOP_ANALYSIS = YES;
				CLANG_WARN_STRICT_PROTOTYPES = YES;
				CLANG_WARN_SUSPICIOUS_MOVE = YES;
				CLANG_WARN_UNGUARDED_AVAILABILITY = YES_AGGRESSIVE;
				CLANG_WARN_UNREACHABLE_CODE = YES;
				CLANG_WARN__DUPLICATE_METHOD_MATCH = YES;
				CODE_SIGN_STYLE = Automatic;
				COPY_PHASE_STRIP = NO;
				DEBUG_INFORMATION_FORMAT = "dwarf-with-dsym";
				DEVELOPMENT_TEAM = 4YN4S8KBCP;
				ENABLE_NS_ASSERTIONS = NO;
				ENABLE_STRICT_OBJC_MSGSEND = YES;
				GCC_C_LANGUAGE_STANDARD = gnu11;
				GCC_NO_COMMON_BLOCKS = YES;
				GCC_WARN_64_TO_32_BIT_CONVERSION = YES;
				GCC_WARN_ABOUT_RETURN_TYPE = YES_ERROR;
				GCC_WARN_UNDECLARED_SELECTOR = YES;
				GCC_WARN_UNINITIALIZED_AUTOS = YES_AGGRESSIVE;
				GCC_WARN_UNUSED_FUNCTION = YES;
				GCC_WARN_UNUSED_VARIABLE = YES;
				IPHONEOS_DEPLOYMENT_TARGET = 17.0;
				MTL_ENABLE_DEBUG_INFO = NO;
				MTL_FAST_MATH = YES;
				PRODUCT_NAME = "$(TARGET_NAME)";
				SDKROOT = iphoneos;
				SWIFT_COMPILATION_MODE = wholemodule;
				SWIFT_OPTIMIZATION_LEVEL = "-O";
				SWIFT_VERSION = 5.0;
			};
			name = Release;
		};
		A37C1C28CBA1332199B6FC77 /* Debug */ = {
			isa = XCBuildConfiguration;
			buildSettings = {
				ASSETCATALOG_COMPILER_APPICON_NAME = AppIcon;
				CODE_SIGN_ENTITLEMENTS = Vigor/Vigor.entitlements;
				CODE_SIGN_IDENTITY = "iPhone Developer";
				INFOPLIST_FILE = Vigor/Info.plist;
				LD_RUNPATH_SEARCH_PATHS = (
					"$(inherited)",
					"@executable_path/Frameworks",
				);
				PRODUCT_BUNDLE_IDENTIFIER = com.vigor.app;
				SDKROOT = iphoneos;
				TARGETED_DEVICE_FAMILY = "1,2";
			};
			name = Debug;
		};
		DCE6A5AE1761D9C5B1E81613 /* Debug */ = {
			isa = XCBuildConfiguration;
			buildSettings = {
				ALWAYS_SEARCH_USER_PATHS = NO;
				CLANG_ANALYZER_NONNULL = YES;
				CLANG_ANALYZER_NUMBER_OBJECT_CONVERSION = YES_AGGRESSIVE;
				CLANG_CXX_LANGUAGE_STANDARD = "gnu++14";
				CLANG_CXX_LIBRARY = "libc++";
				CLANG_ENABLE_MODULES = YES;
				CLANG_ENABLE_OBJC_ARC = YES;
				CLANG_ENABLE_OBJC_WEAK = YES;
				CLANG_WARN_BLOCK_CAPTURE_AUTORELEASING = YES;
				CLANG_WARN_BOOL_CONVERSION = YES;
				CLANG_WARN_COMMA = YES;
				CLANG_WARN_CONSTANT_CONVERSION = YES;
				CLANG_WARN_DEPRECATED_OBJC_IMPLEMENTATIONS = YES;
				CLANG_WARN_DIRECT_OBJC_ISA_USAGE = YES_ERROR;
				CLANG_WARN_DOCUMENTATION_COMMENTS = YES;
				CLANG_WARN_EMPTY_BODY = YES;
				CLANG_WARN_ENUM_CONVERSION = YES;
				CLANG_WARN_INFINITE_RECURSION = YES;
				CLANG_WARN_INT_CONVERSION = YES;
				CLANG_WARN_NON_LITERAL_NULL_CONVERSION = YES;
				CLANG_WARN_OBJC_IMPLICIT_RETAIN_SELF = YES;
				CLANG_WARN_OBJC_LITERAL_CONVERSION = YES;
				CLANG_WARN_OBJC_ROOT_CLASS = YES_ERROR;
				CLANG_WARN_QUOTED_INCLUDE_IN_FRAMEWORK_HEADER = YES;
				CLANG_WARN_RANGE_LOOP_ANALYSIS = YES;
				CLANG_WARN_STRICT_PROTOTYPES = YES;
				CLANG_WARN_SUSPICIOUS_MOVE = YES;
				CLANG_WARN_UNGUARDED_AVAILABILITY = YES_AGGRESSIVE;
				CLANG_WARN_UNREACHABLE_CODE = YES;
				CLANG_WARN__DUPLICATE_METHOD_MATCH = YES;
				CODE_SIGN_STYLE = Automatic;
				COPY_PHASE_STRIP = NO;
				DEBUG_INFORMATION_FORMAT = dwarf;
				DEVELOPMENT_TEAM = 4YN4S8KBCP;
				ENABLE_STRICT_OBJC_MSGSEND = YES;
				ENABLE_TESTABILITY = YES;
				GCC_C_LANGUAGE_STANDARD = gnu11;
				GCC_DYNAMIC_NO_PIC = NO;
				GCC_NO_COMMON_BLOCKS = YES;
				GCC_OPTIMIZATION_LEVEL = 0;
				GCC_PREPROCESSOR_DEFINITIONS = (
					"$(inherited)",
					"DEBUG=1",
				);
				GCC_WARN_64_TO_32_BIT_CONVERSION = YES;
				GCC_WARN_ABOUT_RETURN_TYPE = YES_ERROR;
				GCC_WARN_UNDECLARED_SELECTOR = YES;
				GCC_WARN_UNINITIALIZED_AUTOS = YES_AGGRESSIVE;
				GCC_WARN_UNUSED_FUNCTION = YES;
				GCC_WARN_UNUSED_VARIABLE = YES;
				IPHONEOS_DEPLOYMENT_TARGET = 17.0;
				MTL_ENABLE_DEBUG_INFO = INCLUDE_SOURCE;
				MTL_FAST_MATH = YES;
				ONLY_ACTIVE_ARCH = YES;
				PRODUCT_NAME = "$(TARGET_NAME)";
				SDKROOT = iphoneos;
				SWIFT_ACTIVE_COMPILATION_CONDITIONS = DEBUG;
				SWIFT_OPTIMIZATION_LEVEL = "-Onone";
				SWIFT_VERSION = 5.0;
			};
			name = Debug;
		};
/* End XCBuildConfiguration section */

/* Begin XCConfigurationList section */
		D88336BB21BB86F005465E6E /* Build configuration list for PBXProject "Vigor" */ = {
			isa = XCConfigurationList;
			buildConfigurations = (
				DCE6A5AE1761D9C5B1E81613 /* Debug */,
				88A41192A756824DA0AFCA6D /* Release */,
			);
			defaultConfigurationIsVisible = 0;
			defaultConfigurationName = Debug;
		};
		DDEBE0E4BAF684A43DF81FF4 /* Build configuration list for PBXNativeTarget "VigorWidget" */ = {
			isa = XCConfigurationList;
			buildConfigurations = (
				86880835260945DB9C18803C /* Debug */,
				0751333A269DB81D683F8C43 /* Release */,
			);
			defaultConfigurationIsVisible = 0;
			defaultConfigurationName = Debug;
		};
		E596F522E19504FF2E6AD3C0 /* Build configuration list for PBXNativeTarget "Vigor" */ = {
			isa = XCConfigurationList;
			buildConfigurations = (
				A37C1C28CBA1332199B6FC77 /* Debug */,
				04E3D7823921EFB389CCF399 /* Release */,
			);
			defaultConfigurationIsVisible = 0;
			defaultConfigurationName = Debug;
		};
/* End XCConfigurationList section */
	};
	rootObject = EB48D65BC1BEFC922314E34B /* Project object */;
}
